
Microsoft Visual Studio Solution File, Format Version 12.00
# Visual Studio Version 17
VisualStudioVersion = 17.8.34330.188
MinimumVisualStudioVersion = 10.0.40219.1
Project("{FAE04EC0-301F-11D3-BF4B-00C04F79EFBC}") = "text editor", "text editor\text editor.csproj", "{C9A7EB06-6E5B-48CF-8181-1B84F6E68224}"
EndProject
Global
	GlobalSection(SolutionConfigurationPlatforms) = preSolution
		Debug|Any CPU = Debug|Any CPU
		Release|Any CPU = Release|Any CPU
	EndGlobalSection
	GlobalSection(ProjectConfigurationPlatforms) = postSolution
		{C9A7EB06-6E5B-48CF-8181-1B84F6E68224}.Debug|Any CPU.ActiveCfg = Debug|Any CPU
		{C9A7EB06-6E5B-48CF-8181-1B84F6E68224}.Debug|Any CPU.Build.0 = Debug|Any CPU
		{C9A7EB06-6E5B-48CF-8181-1B84F6E68224}.Release|Any CPU.ActiveCfg = Release|Any CPU
		{C9A7EB06-6E5B-48CF-8181-1B84F6E68224}.Release|Any CPU.Build.0 = Release|Any CPU
	EndGlobalSection
	GlobalSection(SolutionProperties) = preSolution
		HideSolutionNode = FALSE
	EndGlobalSection
	GlobalSection(ExtensibilityGlobals) = postSolution
		SolutionGuid = {4C4C78C4-5B9C-42E6-9B1C-3723A67C9954}
	EndGlobalSection
EndGlobal
